
Microsoft Visual Studio Solution File, Format Version 12.00
# Visual Studio Version 16
VisualStudioVersion = 16.0.29326.143
MinimumVisualStudioVersion = 10.0.40219.1
Project("{FAE04EC0-301F-11D3-BF4B-00C04F79EFBC}") = "GoldRush", "GoldRush.csproj", "{3633C309-DDA1-4395-AA67-3676DAC6E156}"
EndProject
Global
	GlobalSection(SolutionConfigurationPlatforms) = preSolution
		Debug|Any CPU = Debug|Any CPU
		Release|Any CPU = Release|Any CPU
	EndGlobalSection
	GlobalSection(ProjectConfigurationPlatforms) = postSolution
		{3633C309-DDA1-4395-AA67-3676DAC6E156}.Debug|Any CPU.ActiveCfg = Debug|Any CPU
		{3633C309-DDA1-4395-AA67-3676DAC6E156}.Debug|Any CPU.Build.0 = Debug|Any CPU
		{3633C309-DDA1-4395-AA67-3676DAC6E156}.Release|Any CPU.ActiveCfg = Release|Any CPU
		{3633C309-DDA1-4395-AA67-3676DAC6E156}.Release|Any CPU.Build.0 = Release|Any CPU
	EndGlobalSection
	GlobalSection(SolutionProperties) = preSolution
		HideSolutionNode = FALSE
	EndGlobalSection
	GlobalSection(ExtensibilityGlobals) = postSolution
		SolutionGuid = {F0C11A04-0BCD-48D0-8CDE-D25ACF41BC89}
	EndGlobalSection
EndGlobal
